// !$*UTF8*$!
{
	archiveVersion = 1;
	classes = {
	};
	objectVersion = 50;
	objects = {

/* Begin PBXBuildFile section */
		B63DDFA125B22D8300490EFB /* AppDelegate.swift in Sources */ = {isa = PBXBuildFile; fileRef = B63DDFA025B22D8300490EFB /* AppDelegate.swift */; };
		B63DDFA325B22D8300490EFB /* SceneDelegate.swift in Sources */ = {isa = PBXBuildFile; fileRef = B63DDFA225B22D8300490EFB /* SceneDelegate.swift */; };
		B63DDFA825B22D8300490EFB /* Main.storyboard in Resources */ = {isa = PBXBuildFile; fileRef = B63DDFA625B22D8300490EFB /* Main.storyboard */; };
		B63DDFAA25B22D8500490EFB /* Assets.xcassets in Resources */ = {isa = PBXBuildFile; fileRef = B63DDFA925B22D8500490EFB /* Assets.xcassets */; };
		B63DDFAD25B22D8500490EFB /* LaunchScreen.storyboard in Resources */ = {isa = PBXBuildFile; fileRef = B63DDFAB25B22D8500490EFB /* LaunchScreen.storyboard */; };
		B63DDFB825B22F0300490EFB /* HomeTableViewController.swift in Sources */ = {isa = PBXBuildFile; fileRef = B63DDFB725B22F0300490EFB /* HomeTableViewController.swift */; };
		B63DDFBF25B230C600490EFB /* PdfNetworking.swift in Sources */ = {isa = PBXBuildFile; fileRef = B63DDFBE25B230C600490EFB /* PdfNetworking.swift */; };
		B63DDFC425B2315300490EFB /* PDF.swift in Sources */ = {isa = PBXBuildFile; fileRef = B63DDFC325B2315300490EFB /* PDF.swift */; };
		B63DDFC725B2357E00490EFB /* PDFTableViewCell.swift in Sources */ = {isa = PBXBuildFile; fileRef = B63DDFC625B2357E00490EFB /* PDFTableViewCell.swift */; };
		B63DDFCB25B2365200490EFB /* HomeTableViewModel.swift in Sources */ = {isa = PBXBuildFile; fileRef = B63DDFCA25B2365200490EFB /* HomeTableViewModel.swift */; };
		B63DDFCF25B23B0B00490EFB /* PDFViewerViewController.swift in Sources */ = {isa = PBXBuildFile; fileRef = B63DDFCE25B23B0B00490EFB /* PDFViewerViewController.swift */; };
		B63DDFD625B6374200490EFB /* PDFViewerViewModel.swift in Sources */ = {isa = PBXBuildFile; fileRef = B63DDFD525B6374200490EFB /* PDFViewerViewModel.swift */; };
/* End PBXBuildFile section */

/* Begin PBXFileReference section */
		B63DDF9D25B22D8300490EFB /* ExampleProject1.app */ = {isa = PBXFileReference; explicitFileType = wrapper.application; includeInIndex = 0; path = ExampleProject1.app; sourceTree = BUILT_PRODUCTS_DIR; };
		B63DDFA025B22D8300490EFB /* AppDelegate.swift */ = {isa = PBXFileReference; lastKnownFileType = sourcecode.swift; path = AppDelegate.swift; sourceTree = "<group>"; };
		B63DDFA225B22D8300490EFB /* SceneDelegate.swift */ = {isa = PBXFileReference; lastKnownFileType = sourcecode.swift; path = SceneDelegate.swift; sourceTree = "<group>"; };
		B63DDFA725B22D8300490EFB /* Base */ = {isa = PBXFileReference; lastKnownFileType = file.storyboard; name = Base; path = Base.lproj/Main.storyboard; sourceTree = "<group>"; };
		B63DDFA925B22D8500490EFB /* Assets.xcassets */ = {isa = PBXFileReference; lastKnownFileType = folder.assetcatalog; path = Assets.xcassets; sourceTree = "<group>"; };
		B63DDFAC25B22D8500490EFB /* Base */ = {isa = PBXFileReference; lastKnownFileType = file.storyboard; name = Base; path = Base.lproj/LaunchScreen.storyboard; sourceTree = "<group>"; };
		B63DDFAE25B22D8500490EFB /* Info.plist */ = {isa = PBXFileReference; lastKnownFileType = text.plist.xml; path = Info.plist; sourceTree = "<group>"; };
		B63DDFB725B22F0300490EFB /* HomeTableViewController.swift */ = {isa = PBXFileReference; lastKnownFileType = sourcecode.swift; path = HomeTableViewController.swift; sourceTree = "<group>"; };
		B63DDFBE25B230C600490EFB /* PdfNetworking.swift */ = {isa = PBXFileReference; lastKnownFileType = sourcecode.swift; path = PdfNetworking.swift; sourceTree = "<group>"; };
		B63DDFC325B2315300490EFB /* PDF.swift */ = {isa = PBXFileReference; lastKnownFileType = sourcecode.swift; path = PDF.swift; sourceTree = "<group>"; };
		B63DDFC625B2357E00490EFB /* PDFTableViewCell.swift */ = {isa = PBXFileReference; lastKnownFileType = sourcecode.swift; path = PDFTableViewCell.swift; sourceTree = "<group>"; };
		B63DDFCA25B2365200490EFB /* HomeTableViewModel.swift */ = {isa = PBXFileReference; lastKnownFileType = sourcecode.swift; path = HomeTableViewModel.swift; sourceTree = "<group>"; };
		B63DDFCE25B23B0B00490EFB /* PDFViewerViewController.swift */ = {isa = PBXFileReference; lastKnownFileType = sourcecode.swift; path = PDFViewerViewController.swift; sourceTree = "<group>"; };
		B63DDFD525B6374200490EFB /* PDFViewerViewModel.swift */ = {isa = PBXFileReference; lastKnownFileType = sourcecode.swift; path = PDFViewerViewModel.swift; sourceTree = "<group>"; };
/* End PBXFileReference section */

/* Begin PBXFrameworksBuildPhase section */
		B63DDF9A25B22D8300490EFB /* Frameworks */ = {
			isa = PBXFrameworksBuildPhase;
			buildActionMask = 2147483647;
			files = (
			);
			runOnlyForDeploymentPostprocessing = 0;
		};
/* End PBXFrameworksBuildPhase section */

/* Begin PBXGroup section */
		B63DDF9425B22D8300490EFB = {
			isa = PBXGroup;
			children = (
				B63DDF9F25B22D8300490EFB /* ExampleProject1 */,
				B63DDF9E25B22D8300490EFB /* Products */,
			);
			sourceTree = "<group>";
		};
		B63DDF9E25B22D8300490EFB /* Products */ = {
			isa = PBXGroup;
			children = (
				B63DDF9D25B22D8300490EFB /* ExampleProject1.app */,
			);
			name = Products;
			sourceTree = "<group>";
		};
		B63DDF9F25B22D8300490EFB /* ExampleProject1 */ = {
			isa = PBXGroup;
			children = (
				B63DDFC925B2363D00490EFB /* ViewModel */,
				B63DDFC225B2314600490EFB /* Model */,
				B63DDFBD25B230AD00490EFB /* Networking */,
				B63DDFBB25B2307100490EFB /* Cells */,
				B63DDFB525B22ED300490EFB /* Controller */,
				B63DDFA025B22D8300490EFB /* AppDelegate.swift */,
				B63DDFA225B22D8300490EFB /* SceneDelegate.swift */,
				B63DDFA625B22D8300490EFB /* Main.storyboard */,
				B63DDFA925B22D8500490EFB /* Assets.xcassets */,
				B63DDFAB25B22D8500490EFB /* LaunchScreen.storyboard */,
				B63DDFAE25B22D8500490EFB /* Info.plist */,
			);
			path = ExampleProject1;
			sourceTree = "<group>";
		};
		B63DDFB525B22ED300490EFB /* Controller */ = {
			isa = PBXGroup;
			children = (
				B63DDFB725B22F0300490EFB /* HomeTableViewController.swift */,
				B63DDFCE25B23B0B00490EFB /* PDFViewerViewController.swift */,
			);
			path = Controller;
			sourceTree = "<group>";
		};
		B63DDFBB25B2307100490EFB /* Cells */ = {
			isa = PBXGroup;
			children = (
				B63DDFC625B2357E00490EFB /* PDFTableViewCell.swift */,
			);
			path = Cells;
			sourceTree = "<group>";
		};
		B63DDFBD25B230AD00490EFB /* Networking */ = {
			isa = PBXGroup;
			children = (
				B63DDFBE25B230C600490EFB /* PdfNetworking.swift */,
			);
			path = Networking;
			sourceTree = "<group>";
		};
		B63DDFC225B2314600490EFB /* Model */ = {
			isa = PBXGroup;
			children = (
				B63DDFC325B2315300490EFB /* PDF.swift */,
			);
			path = Model;
			sourceTree = "<group>";
		};
		B63DDFC925B2363D00490EFB /* ViewModel */ = {
			isa = PBXGroup;
			children = (
				B63DDFCA25B2365200490EFB /* HomeTableViewModel.swift */,
				B63DDFD525B6374200490EFB /* PDFViewerViewModel.swift */,
			);
			path = ViewModel;
			sourceTree = "<group>";
		};
/* End PBXGroup section */

/* Begin PBXNativeTarget section */
		B63DDF9C25B22D8300490EFB /* ExampleProject1 */ = {
			isa = PBXNativeTarget;
			buildConfigurationList = B63DDFB125B22D8500490EFB /* Build configuration list for PBXNativeTarget "ExampleProject1" */;
			buildPhases = (
				B63DDF9925B22D8300490EFB /* Sources */,
				B63DDF9A25B22D8300490EFB /* Frameworks */,
				B63DDF9B25B22D8300490EFB /* Resources */,
			);
			buildRules = (
			);
			dependencies = (
			);
			name = ExampleProject1;
			productName = ExampleProject1;
			productReference = B63DDF9D25B22D8300490EFB /* ExampleProject1.app */;
			productType = "com.apple.product-type.application";
		};
/* End PBXNativeTarget section */

/* Begin PBXProject section */
		B63DDF9525B22D8300490EFB /* Project object */ = {
			isa = PBXProject;
			attributes = {
				LastSwiftUpdateCheck = 1230;
				LastUpgradeCheck = 1230;
				TargetAttributes = {
					B63DDF9C25B22D8300490EFB = {
						CreatedOnToolsVersion = 12.3;
					};
				};
			};
			buildConfigurationList = B63DDF9825B22D8300490EFB /* Build configuration list for PBXProject "ExampleProject1" */;
			compatibilityVersion = "Xcode 9.3";
			developmentRegion = en;
			hasScannedForEncodings = 0;
			knownRegions = (
				en,
				Base,
			);
			mainGroup = B63DDF9425B22D8300490EFB;
			productRefGroup = B63DDF9E25B22D8300490EFB /* Products */;
			projectDirPath = "";
			projectRoot = "";
			targets = (
				B63DDF9C25B22D8300490EFB /* ExampleProject1 */,
			);
		};
/* End PBXProject section */

/* Begin PBXResourcesBuildPhase section */
		B63DDF9B25B22D8300490EFB /* Resources */ = {
			isa = PBXResourcesBuildPhase;
			buildActionMask = 2147483647;
			files = (
				B63DDFAD25B22D8500490EFB /* LaunchScreen.storyboard in Resources */,
				B63DDFAA25B22D8500490EFB /* Assets.xcassets in Resources */,
				B63DDFA825B22D8300490EFB /* Main.storyboard in Resources */,
			);
			runOnlyForDeploymentPostprocessing = 0;
		};
/* End PBXResourcesBuildPhase section */

/* Begin PBXSourcesBuildPhase section */
		B63DDF9925B22D8300490EFB /* Sources */ = {
			isa = PBXSourcesBuildPhase;
			buildActionMask = 2147483647;
			files = (
				B63DDFC725B2357E00490EFB /* PDFTableViewCell.swift in Sources */,
				B63DDFBF25B230C600490EFB /* PdfNetworking.swift in Sources */,
				B63DDFC425B2315300490EFB /* PDF.swift in Sources */,
				B63DDFCF25B23B0B00490EFB /* PDFViewerViewController.swift in Sources */,
				B63DDFD625B6374200490EFB /* PDFViewerViewModel.swift in Sources */,
				B63DDFB825B22F0300490EFB /* HomeTableViewController.swift in Sources */,
				B63DDFCB25B2365200490EFB /* HomeTableViewModel.swift in Sources */,
				B63DDFA125B22D8300490EFB /* AppDelegate.swift in Sources */,
				B63DDFA325B22D8300490EFB /* SceneDelegate.swift in Sources */,
			);
			runOnlyForDeploymentPostprocessing = 0;
		};
/* End PBXSourcesBuildPhase section */

/* Begin PBXVariantGroup section */
		B63DDFA625B22D8300490EFB /* Main.storyboard */ = {
			isa = PBXVariantGroup;
			children = (
				B63DDFA725B22D8300490EFB /* Base */,
			);
			name = Main.storyboard;
			sourceTree = "<group>";
		};
		B63DDFAB25B22D8500490EFB /* LaunchScreen.storyboard */ = {
			isa = PBXVariantGroup;
			children = (
				B63DDFAC25B22D8500490EFB /* Base */,
			);
			name = LaunchScreen.storyboard;
			sourceTree = "<group>";
		};
/* End PBXVariantGroup section */

/* Begin XCBuildConfiguration section */
		B63DDFAF25B22D8500490EFB /* Debug */ = {
			isa = XCBuildConfiguration;
			buildSettings = {
				ALWAYS_SEARCH_USER_PATHS = NO;
				CLANG_ANALYZER_NONNULL = YES;
				CLANG_ANALYZER_NUMBER_OBJECT_CONVERSION = YES_AGGRESSIVE;
				CLANG_CXX_LANGUAGE_STANDARD = "gnu++14";
				CLANG_CXX_LIBRARY = "libc++";
				CLANG_ENABLE_MODULES = YES;
				CLANG_ENABLE_OBJC_ARC = YES;
				CLANG_ENABLE_OBJC_WEAK = YES;
				CLANG_WARN_BLOCK_CAPTURE_AUTORELEASING = YES;
				CLANG_WARN_BOOL_CONVERSION = YES;
				CLANG_WARN_COMMA = YES;
				CLANG_WARN_CONSTANT_CONVERSION = YES;
				CLANG_WARN_DEPRECATED_OBJC_IMPLEMENTATIONS = YES;
				CLANG_WARN_DIRECT_OBJC_ISA_USAGE = YES_ERROR;
				CLANG_WARN_DOCUMENTATION_COMMENTS = YES;
				CLANG_WARN_EMPTY_BODY = YES;
				CLANG_WARN_ENUM_CONVERSION = YES;
				CLANG_WARN_INFINITE_RECURSION = YES;
				CLANG_WARN_INT_CONVERSION = YES;
				CLANG_WARN_NON_LITERAL_NULL_CONVERSION = YES;
				CLANG_WARN_OBJC_IMPLICIT_RETAIN_SELF = YES;
				CLANG_WARN_OBJC_LITERAL_CONVERSION = YES;
				CLANG_WARN_OBJC_ROOT_CLASS = YES_ERROR;
				CLANG_WARN_QUOTED_INCLUDE_IN_FRAMEWORK_HEADER = YES;
				CLANG_WARN_RANGE_LOOP_ANALYSIS = YES;
				CLANG_WARN_STRICT_PROTOTYPES = YES;
				CLANG_WARN_SUSPICIOUS_MOVE = YES;
				CLANG_WARN_UNGUARDED_AVAILABILITY = YES_AGGRESSIVE;
				CLANG_WARN_UNREACHABLE_CODE = YES;
				CLANG_WARN__DUPLICATE_METHOD_MATCH = YES;
				COPY_PHASE_STRIP = NO;
				DEBUG_INFORMATION_FORMAT = dwarf;
				ENABLE_STRICT_OBJC_MSGSEND = YES;
				ENABLE_TESTABILITY = YES;
				GCC_C_LANGUAGE_STANDARD = gnu11;
				GCC_DYNAMIC_NO_PIC = NO;
				GCC_NO_COMMON_BLOCKS = YES;
				GCC_OPTIMIZATION_LEVEL = 0;
				GCC_PREPROCESSOR_DEFINITIONS = (
					"DEBUG=1",
					"$(inherited)",
				);
				GCC_WARN_64_TO_32_BIT_CONVERSION = YES;
				GCC_WARN_ABOUT_RETURN_TYPE = YES_ERROR;
				GCC_WARN_UNDECLARED_SELECTOR = YES;
				GCC_WARN_UNINITIALIZED_AUTOS = YES_AGGRESSIVE;
				GCC_WARN_UNUSED_FUNCTION = YES;
				GCC_WARN_UNUSED_VARIABLE = YES;
				IPHONEOS_DEPLOYMENT_TARGET = 14.3;
				MTL_ENABLE_DEBUG_INFO = INCLUDE_SOURCE;
				MTL_FAST_MATH = YES;
				ONLY_ACTIVE_ARCH = YES;
				SDKROOT = iphoneos;
				SWIFT_ACTIVE_COMPILATION_CONDITIONS = DEBUG;
				SWIFT_OPTIMIZATION_LEVEL = "-Onone";
			};
			name = Debug;
		};
		B63DDFB025B22D8500490EFB /* Release */ = {
			isa = XCBuildConfiguration;
			buildSettings = {
				ALWAYS_SEARCH_USER_PATHS = NO;
				CLANG_ANALYZER_NONNULL = YES;
				CLANG_ANALYZER_NUMBER_OBJECT_CONVERSION = YES_AGGRESSIVE;
				CLANG_CXX_LANGUAGE_STANDARD = "gnu++14";
				CLANG_CXX_LIBRARY = "libc++";
				CLANG_ENABLE_MODULES = YES;
				CLANG_ENABLE_OBJC_ARC = YES;
				CLANG_ENABLE_OBJC_WEAK = YES;
				CLANG_WARN_BLOCK_CAPTURE_AUTORELEASING = YES;
				CLANG_WARN_BOOL_CONVERSION = YES;
				CLANG_WARN_COMMA = YES;
				CLANG_WARN_CONSTANT_CONVERSION = YES;
				CLANG_WARN_DEPRECATED_OBJC_IMPLEMENTATIONS = YES;
				CLANG_WARN_DIRECT_OBJC_ISA_USAGE = YES_ERROR;
				CLANG_WARN_DOCUMENTATION_COMMENTS = YES;
				CLANG_WARN_EMPTY_BODY = YES;
				CLANG_WARN_ENUM_CONVERSION = YES;
				CLANG_WARN_INFINITE_RECURSION = YES;
				CLANG_WARN_INT_CONVERSION = YES;
				CLANG_WARN_NON_LITERAL_NULL_CONVERSION = YES;
				CLANG_WARN_OBJC_IMPLICIT_RETAIN_SELF = YES;
				CLANG_WARN_OBJC_LITERAL_CONVERSION = YES;
				CLANG_WARN_OBJC_ROOT_CLASS = YES_ERROR;
				CLANG_WARN_QUOTED_INCLUDE_IN_FRAMEWORK_HEADER = YES;
				CLANG_WARN_RANGE_LOOP_ANALYSIS = YES;
				CLANG_WARN_STRICT_PROTOTYPES = YES;
				CLANG_WARN_SUSPICIOUS_MOVE = YES;
				CLANG_WARN_UNGUARDED_AVAILABILITY = YES_AGGRESSIVE;
				CLANG_WARN_UNREACHABLE_CODE = YES;
				CLANG_WARN__DUPLICATE_METHOD_MATCH = YES;
				COPY_PHASE_STRIP = NO;
				DEBUG_INFORMATION_FORMAT = "dwarf-with-dsym";
				ENABLE_NS_ASSERTIONS = NO;
				ENABLE_STRICT_OBJC_MSGSEND = YES;
				GCC_C_LANGUAGE_STANDARD = gnu11;
				GCC_NO_COMMON_BLOCKS = YES;
				GCC_WARN_64_TO_32_BIT_CONVERSION = YES;
				GCC_WARN_ABOUT_RETURN_TYPE = YES_ERROR;
				GCC_WARN_UNDECLARED_SELECTOR = YES;
				GCC_WARN_UNINITIALIZED_AUTOS = YES_AGGRESSIVE;
				GCC_WARN_UNUSED_FUNCTION = YES;
				GCC_WARN_UNUSED_VARIABLE = YES;
				IPHONEOS_DEPLOYMENT_TARGET = 14.3;
				MTL_ENABLE_DEBUG_INFO = NO;
				MTL_FAST_MATH = YES;
				SDKROOT = iphoneos;
				SWIFT_COMPILATION_MODE = wholemodule;
				SWIFT_OPTIMIZATION_LEVEL = "-O";
				VALIDATE_PRODUCT = YES;
			};
			name = Release;
		};
		B63DDFB225B22D8500490EFB /* Debug */ = {
			isa = XCBuildConfiguration;
			buildSettings = {
				ASSETCATALOG_COMPILER_APPICON_NAME = AppIcon;
				ASSETCATALOG_COMPILER_GLOBAL_ACCENT_COLOR_NAME = AccentColor;
				CODE_SIGN_STYLE = Automatic;
				DEVELOPMENT_TEAM = YXDZYY9TW5;
				INFOPLIST_FILE = ExampleProject1/Info.plist;
				LD_RUNPATH_SEARCH_PATHS = (
					"$(inherited)",
					"@executable_path/Frameworks",
				);
				PRODUCT_BUNDLE_IDENTIFIER = com.ZacharyJensen.ExampleProject1;
				PRODUCT_NAME = "$(TARGET_NAME)";
				SWIFT_VERSION = 5.0;
				TARGETED_DEVICE_FAMILY = "1,2";
			};
			name = Debug;
		};
		B63DDFB325B22D8500490EFB /* Release */ = {
			isa = XCBuildConfiguration;
			buildSettings = {
				ASSETCATALOG_COMPILER_APPICON_NAME = AppIcon;
				ASSETCATALOG_COMPILER_GLOBAL_ACCENT_COLOR_NAME = AccentColor;
				CODE_SIGN_STYLE = Automatic;
				DEVELOPMENT_TEAM = YXDZYY9TW5;
				INFOPLIST_FILE = ExampleProject1/Info.plist;
				LD_RUNPATH_SEARCH_PATHS = (
					"$(inherited)",
					"@executable_path/Frameworks",
				);
				PRODUCT_BUNDLE_IDENTIFIER = com.ZacharyJensen.ExampleProject1;
				PRODUCT_NAME = "$(TARGET_NAME)";
				SWIFT_VERSION = 5.0;
				TARGETED_DEVICE_FAMILY = "1,2";
			};
			name = Release;
		};
/* End XCBuildConfiguration section */

/* Begin XCConfigurationList section */
		B63DDF9825B22D8300490EFB /* Build configuration list for PBXProject "ExampleProject1" */ = {
			isa = XCConfigurationList;
			buildConfigurations = (
				B63DDFAF25B22D8500490EFB /* Debug */,
				B63DDFB025B22D8500490EFB /* Release */,
			);
			defaultConfigurationIsVisible = 0;
			defaultConfigurationName = Release;
		};
		B63DDFB125B22D8500490EFB /* Build configuration list for PBXNativeTarget "ExampleProject1" */ = {
			isa = XCConfigurationList;
			buildConfigurations = (
				B63DDFB225B22D8500490EFB /* Debug */,
				B63DDFB325B22D8500490EFB /* Release */,
			);
			defaultConfigurationIsVisible = 0;
			defaultConfigurationName = Release;
		};
/* End XCConfigurationList section */
	};
	rootObject = B63DDF9525B22D8300490EFB /* Project object */;
}
